// !$*UTF8*$!
{
	archiveVersion = 1;
	classes = {
	};
	objectVersion = 46;
	objects = {

/* Begin PBXBuildFile section */
		DE03FEE81CAED0DF007675B8 /* main.m in Sources */ = {isa = PBXBuildFile; fileRef = DE03FEE71CAED0DF007675B8 /* main.m */; };
		DE03FEEB1CAED0DF007675B8 /* AppDelegate.m in Sources */ = {isa = PBXBuildFile; fileRef = DE03FEEA1CAED0DF007675B8 /* AppDelegate.m */; };
		DE03FEEE1CAED0DF007675B8 /* ViewController.m in Sources */ = {isa = PBXBuildFile; fileRef = DE03FEED1CAED0DF007675B8 /* ViewController.m */; };
		DE03FEF11CAED0DF007675B8 /* Main.storyboard in Resources */ = {isa = PBXBuildFile; fileRef = DE03FEEF1CAED0DF007675B8 /* Main.storyboard */; };
		DE03FEF31CAED0DF007675B8 /* Assets.xcassets in Resources */ = {isa = PBXBuildFile; fileRef = DE03FEF21CAED0DF007675B8 /* Assets.xcassets */; };
		DE03FEF61CAED0DF007675B8 /* LaunchScreen.storyboard in Resources */ = {isa = PBXBuildFile; fileRef = DE03FEF41CAED0DF007675B8 /* LaunchScreen.storyboard */; };
		DE03FF011CAED0E0007675B8 /* TableView__Tests.m in Sources */ = {isa = PBXBuildFile; fileRef = DE03FF001CAED0E0007675B8 /* TableView__Tests.m */; };
		DE03FF0C1CAED0E0007675B8 /* TableView__UITests.m in Sources */ = {isa = PBXBuildFile; fileRef = DE03FF0B1CAED0E0007675B8 /* TableView__UITests.m */; };
		DE6F36F41CB6B00500BE2B94 /* Person.plist in Resources */ = {isa = PBXBuildFile; fileRef = DE6F36F31CB6B00500BE2B94 /* Person.plist */; };
		DEBC98941CB658D100AECD01 /* PersonCell.m in Sources */ = {isa = PBXBuildFile; fileRef = DEBC98931CB658D100AECD01 /* PersonCell.m */; };
		DED9CF021CB63C4A0002D864 /* DetailViewController.m in Sources */ = {isa = PBXBuildFile; fileRef = DED9CF011CB63C4A0002D864 /* DetailViewController.m */; };
		DED9CF081CB64C290002D864 /* Person.m in Sources */ = {isa = PBXBuildFile; fileRef = DED9CF071CB64C290002D864 /* Person.m */; };
/* End PBXBuildFile section */

/* Begin PBXContainerItemProxy section */
		DE03FEFD1CAED0E0007675B8 /* PBXContainerItemProxy */ = {
			isa = PBXContainerItemProxy;
			containerPortal = DE03FEDB1CAED0DF007675B8 /* Project object */;
			proxyType = 1;
			remoteGlobalIDString = DE03FEE21CAED0DF007675B8;
			remoteInfo = "TableView优化";
		};
		DE03FF081CAED0E0007675B8 /* PBXContainerItemProxy */ = {
			isa = PBXContainerItemProxy;
			containerPortal = DE03FEDB1CAED0DF007675B8 /* Project object */;
			proxyType = 1;
			remoteGlobalIDString = DE03FEE21CAED0DF007675B8;
			remoteInfo = "TableView优化";
		};
/* End PBXContainerItemProxy section */

/* Begin PBXFileReference section */
		DE03FEE31CAED0DF007675B8 /* TableView优化.app */ = {isa = PBXFileReference; explicitFileType = wrapper.application; includeInIndex = 0; path = "TableView优化.app"; sourceTree = BUILT_PRODUCTS_DIR; };
		DE03FEE71CAED0DF007675B8 /* main.m */ = {isa = PBXFileReference; lastKnownFileType = sourcecode.c.objc; path = main.m; sourceTree = "<group>"; };
		DE03FEE91CAED0DF007675B8 /* AppDelegate.h */ = {isa = PBXFileReference; lastKnownFileType = sourcecode.c.h; path = AppDelegate.h; sourceTree = "<group>"; };
		DE03FEEA1CAED0DF007675B8 /* AppDelegate.m */ = {isa = PBXFileReference; lastKnownFileType = sourcecode.c.objc; path = AppDelegate.m; sourceTree = "<group>"; };
		DE03FEEC1CAED0DF007675B8 /* ViewController.h */ = {isa = PBXFileReference; lastKnownFileType = sourcecode.c.h; path = ViewController.h; sourceTree = "<group>"; };
		DE03FEED1CAED0DF007675B8 /* ViewController.m */ = {isa = PBXFileReference; lastKnownFileType = sourcecode.c.objc; path = ViewController.m; sourceTree = "<group>"; };
		DE03FEF01CAED0DF007675B8 /* Base */ = {isa = PBXFileReference; lastKnownFileType = file.storyboard; name = Base; path = Base.lproj/Main.storyboard; sourceTree = "<group>"; };
		DE03FEF21CAED0DF007675B8 /* Assets.xcassets */ = {isa = PBXFileReference; lastKnownFileType = folder.assetcatalog; path = Assets.xcassets; sourceTree = "<group>"; };
		DE03FEF51CAED0DF007675B8 /* Base */ = {isa = PBXFileReference; lastKnownFileType = file.storyboard; name = Base; path = Base.lproj/LaunchScreen.storyboard; sourceTree = "<group>"; };
		DE03FEF71CAED0DF007675B8 /* Info.plist */ = {isa = PBXFileReference; lastKnownFileType = text.plist.xml; path = Info.plist; sourceTree = "<group>"; };
		DE03FEFC1CAED0E0007675B8 /* TableView优化Tests.xctest */ = {isa = PBXFileReference; explicitFileType = wrapper.cfbundle; includeInIndex = 0; path = "TableView优化Tests.xctest"; sourceTree = BUILT_PRODUCTS_DIR; };
		DE03FF001CAED0E0007675B8 /* TableView__Tests.m */ = {isa = PBXFileReference; lastKnownFileType = sourcecode.c.objc; path = TableView__Tests.m; sourceTree = "<group>"; };
		DE03FF021CAED0E0007675B8 /* Info.plist */ = {isa = PBXFileReference; lastKnownFileType = text.plist.xml; path = Info.plist; sourceTree = "<group>"; };
		DE03FF071CAED0E0007675B8 /* TableView优化UITests.xctest */ = {isa = PBXFileReference; explicitFileType = wrapper.cfbundle; includeInIndex = 0; path = "TableView优化UITests.xctest"; sourceTree = BUILT_PRODUCTS_DIR; };
		DE03FF0B1CAED0E0007675B8 /* TableView__UITests.m */ = {isa = PBXFileReference; lastKnownFileType = sourcecode.c.objc; path = TableView__UITests.m; sourceTree = "<group>"; };
		DE03FF0D1CAED0E0007675B8 /* Info.plist */ = {isa = PBXFileReference; lastKnownFileType = text.plist.xml; path = Info.plist; sourceTree = "<group>"; };
		DE6F36F31CB6B00500BE2B94 /* Person.plist */ = {isa = PBXFileReference; fileEncoding = 4; lastKnownFileType = text.plist.xml; path = Person.plist; sourceTree = "<group>"; };
		DEBC98921CB658D100AECD01 /* PersonCell.h */ = {isa = PBXFileReference; fileEncoding = 4; lastKnownFileType = sourcecode.c.h; path = PersonCell.h; sourceTree = "<group>"; };
		DEBC98931CB658D100AECD01 /* PersonCell.m */ = {isa = PBXFileReference; fileEncoding = 4; lastKnownFileType = sourcecode.c.objc; path = PersonCell.m; sourceTree = "<group>"; };
		DED9CF001CB63C4A0002D864 /* DetailViewController.h */ = {isa = PBXFileReference; fileEncoding = 4; lastKnownFileType = sourcecode.c.h; path = DetailViewController.h; sourceTree = "<group>"; };
		DED9CF011CB63C4A0002D864 /* DetailViewController.m */ = {isa = PBXFileReference; fileEncoding = 4; lastKnownFileType = sourcecode.c.objc; path = DetailViewController.m; sourceTree = "<group>"; };
		DED9CF051CB6482E0002D864 /* AddDelegate.h */ = {isa = PBXFileReference; lastKnownFileType = sourcecode.c.h; path = AddDelegate.h; sourceTree = "<group>"; };
		DED9CF061CB64C290002D864 /* Person.h */ = {isa = PBXFileReference; fileEncoding = 4; lastKnownFileType = sourcecode.c.h; path = Person.h; sourceTree = "<group>"; };
		DED9CF071CB64C290002D864 /* Person.m */ = {isa = PBXFileReference; fileEncoding = 4; lastKnownFileType = sourcecode.c.objc; path = Person.m; sourceTree = "<group>"; };
/* End PBXFileReference section */

/* Begin PBXFrameworksBuildPhase section */
		DE03FEE01CAED0DF007675B8 /* Frameworks */ = {
			isa = PBXFrameworksBuildPhase;
			buildActionMask = 2147483647;
			files = (
			);
			runOnlyForDeploymentPostprocessing = 0;
		};
		DE03FEF91CAED0E0007675B8 /* Frameworks */ = {
			isa = PBXFrameworksBuildPhase;
			buildActionMask = 2147483647;
			files = (
			);
			runOnlyForDeploymentPostprocessing = 0;
		};
		DE03FF041CAED0E0007675B8 /* Frameworks */ = {
			isa = PBXFrameworksBuildPhase;
			buildActionMask = 2147483647;
			files = (
			);
			runOnlyForDeploymentPostprocessing = 0;
		};
/* End PBXFrameworksBuildPhase section */

/* Begin PBXGroup section */
		DE03FEDA1CAED0DF007675B8 = {
			isa = PBXGroup;
			children = (
				DE03FEE51CAED0DF007675B8 /* TableView优化 */,
				DE03FEFF1CAED0E0007675B8 /* TableView优化Tests */,
				DE03FF0A1CAED0E0007675B8 /* TableView优化UITests */,
				DE03FEE41CAED0DF007675B8 /* Products */,
			);
			sourceTree = "<group>";
		};
		DE03FEE41CAED0DF007675B8 /* Products */ = {
			isa = PBXGroup;
			children = (
				DE03FEE31CAED0DF007675B8 /* TableView优化.app */,
				DE03FEFC1CAED0E0007675B8 /* TableView优化Tests.xctest */,
				DE03FF071CAED0E0007675B8 /* TableView优化UITests.xctest */,
			);
			name = Products;
			sourceTree = "<group>";
		};
		DE03FEE51CAED0DF007675B8 /* TableView优化 */ = {
			isa = PBXGroup;
			children = (
				DEBC98921CB658D100AECD01 /* PersonCell.h */,
				DEBC98931CB658D100AECD01 /* PersonCell.m */,
				DED9CF051CB6482E0002D864 /* AddDelegate.h */,
				DED9CF061CB64C290002D864 /* Person.h */,
				DED9CF071CB64C290002D864 /* Person.m */,
				DED9CF001CB63C4A0002D864 /* DetailViewController.h */,
				DED9CF011CB63C4A0002D864 /* DetailViewController.m */,
				DE03FEE91CAED0DF007675B8 /* AppDelegate.h */,
				DE03FEEA1CAED0DF007675B8 /* AppDelegate.m */,
				DE03FEEC1CAED0DF007675B8 /* ViewController.h */,
				DE03FEED1CAED0DF007675B8 /* ViewController.m */,
				DE03FEEF1CAED0DF007675B8 /* Main.storyboard */,
				DE03FEF21CAED0DF007675B8 /* Assets.xcassets */,
				DE03FEF41CAED0DF007675B8 /* LaunchScreen.storyboard */,
				DE03FEF71CAED0DF007675B8 /* Info.plist */,
				DE03FEE61CAED0DF007675B8 /* Supporting Files */,
				DE6F36F31CB6B00500BE2B94 /* Person.plist */,
			);
			path = "TableView优化";
			sourceTree = "<group>";
		};
		DE03FEE61CAED0DF007675B8 /* Supporting Files */ = {
			isa = PBXGroup;
			children = (
				DE03FEE71CAED0DF007675B8 /* main.m */,
			);
			name = "Supporting Files";
			sourceTree = "<group>";
		};
		DE03FEFF1CAED0E0007675B8 /* TableView优化Tests */ = {
			isa = PBXGroup;
			children = (
				DE03FF001CAED0E0007675B8 /* TableView__Tests.m */,
				DE03FF021CAED0E0007675B8 /* Info.plist */,
			);
			path = "TableView优化Tests";
			sourceTree = "<group>";
		};
		DE03FF0A1CAED0E0007675B8 /* TableView优化UITests */ = {
			isa = PBXGroup;
			children = (
				DE03FF0B1CAED0E0007675B8 /* TableView__UITests.m */,
				DE03FF0D1CAED0E0007675B8 /* Info.plist */,
			);
			path = "TableView优化UITests";
			sourceTree = "<group>";
		};
/* End PBXGroup section */

/* Begin PBXNativeTarget section */
		DE03FEE21CAED0DF007675B8 /* TableView优化 */ = {
			isa = PBXNativeTarget;
			buildConfigurationList = DE03FF101CAED0E0007675B8 /* Build configuration list for PBXNativeTarget "TableView优化" */;
			buildPhases = (
				DE03FEDF1CAED0DF007675B8 /* Sources */,
				DE03FEE01CAED0DF007675B8 /* Frameworks */,
				DE03FEE11CAED0DF007675B8 /* Resources */,
			);
			buildRules = (
			);
			dependencies = (
			);
			name = "TableView优化";
			productName = "TableView优化";
			productReference = DE03FEE31CAED0DF007675B8 /* TableView优化.app */;
			productType = "com.apple.product-type.application";
		};
		DE03FEFB1CAED0E0007675B8 /* TableView优化Tests */ = {
			isa = PBXNativeTarget;
			buildConfigurationList = DE03FF131CAED0E0007675B8 /* Build configuration list for PBXNativeTarget "TableView优化Tests" */;
			buildPhases = (
				DE03FEF81CAED0E0007675B8 /* Sources */,
				DE03FEF91CAED0E0007675B8 /* Frameworks */,
				DE03FEFA1CAED0E0007675B8 /* Resources */,
			);
			buildRules = (
			);
			dependencies = (
				DE03FEFE1CAED0E0007675B8 /* PBXTargetDependency */,
			);
			name = "TableView优化Tests";
			productName = "TableView优化Tests";
			productReference = DE03FEFC1CAED0E0007675B8 /* TableView优化Tests.xctest */;
			productType = "com.apple.product-type.bundle.unit-test";
		};
		DE03FF061CAED0E0007675B8 /* TableView优化UITests */ = {
			isa = PBXNativeTarget;
			buildConfigurationList = DE03FF161CAED0E0007675B8 /* Build configuration list for PBXNativeTarget "TableView优化UITests" */;
			buildPhases = (
				DE03FF031CAED0E0007675B8 /* Sources */,
				DE03FF041CAED0E0007675B8 /* Frameworks */,
				DE03FF051CAED0E0007675B8 /* Resources */,
			);
			buildRules = (
			);
			dependencies = (
				DE03FF091CAED0E0007675B8 /* PBXTargetDependency */,
			);
			name = "TableView优化UITests";
			productName = "TableView优化UITests";
			productReference = DE03FF071CAED0E0007675B8 /* TableView优化UITests.xctest */;
			productType = "com.apple.product-type.bundle.ui-testing";
		};
/* End PBXNativeTarget section */

/* Begin PBXProject section */
		DE03FEDB1CAED0DF007675B8 /* Project object */ = {
			isa = PBXProject;
			attributes = {
				LastUpgradeCheck = 0710;
				ORGANIZATIONNAME = Terry;
				TargetAttributes = {
					DE03FEE21CAED0DF007675B8 = {
						CreatedOnToolsVersion = 7.1;
						DevelopmentTeam = Y2MPQGLV27;
					};
					DE03FEFB1CAED0E0007675B8 = {
						CreatedOnToolsVersion = 7.1;
						DevelopmentTeam = Y2MPQGLV27;
						TestTargetID = DE03FEE21CAED0DF007675B8;
					};
					DE03FF061CAED0E0007675B8 = {
						CreatedOnToolsVersion = 7.1;
						DevelopmentTeam = Y2MPQGLV27;
						TestTargetID = DE03FEE21CAED0DF007675B8;
					};
				};
			};
			buildConfigurationList = DE03FEDE1CAED0DF007675B8 /* Build configuration list for PBXProject "TableView优化" */;
			compatibilityVersion = "Xcode 3.2";
			developmentRegion = English;
			hasScannedForEncodings = 0;
			knownRegions = (
				en,
				Base,
			);
			mainGroup = DE03FEDA1CAED0DF007675B8;
			productRefGroup = DE03FEE41CAED0DF007675B8 /* Products */;
			projectDirPath = "";
			projectRoot = "";
			targets = (
				DE03FEE21CAED0DF007675B8 /* TableView优化 */,
				DE03FEFB1CAED0E0007675B8 /* TableView优化Tests */,
				DE03FF061CAED0E0007675B8 /* TableView优化UITests */,
			);
		};
/* End PBXProject section */

/* Begin PBXResourcesBuildPhase section */
		DE03FEE11CAED0DF007675B8 /* Resources */ = {
			isa = PBXResourcesBuildPhase;
			buildActionMask = 2147483647;
			files = (
				DE03FEF61CAED0DF007675B8 /* LaunchScreen.storyboard in Resources */,
				DE6F36F41CB6B00500BE2B94 /* Person.plist in Resources */,
				DE03FEF31CAED0DF007675B8 /* Assets.xcassets in Resources */,
				DE03FEF11CAED0DF007675B8 /* Main.storyboard in Resources */,
			);
			runOnlyForDeploymentPostprocessing = 0;
		};
		DE03FEFA1CAED0E0007675B8 /* Resources */ = {
			isa = PBXResourcesBuildPhase;
			buildActionMask = 2147483647;
			files = (
			);
			runOnlyForDeploymentPostprocessing = 0;
		};
		DE03FF051CAED0E0007675B8 /* Resources */ = {
			isa = PBXResourcesBuildPhase;
			buildActionMask = 2147483647;
			files = (
			);
			runOnlyForDeploymentPostprocessing = 0;
		};
/* End PBXResourcesBuildPhase section */

/* Begin PBXSourcesBuildPhase section */
		DE03FEDF1CAED0DF007675B8 /* Sources */ = {
			isa = PBXSourcesBuildPhase;
			buildActionMask = 2147483647;
			files = (
				DEBC98941CB658D100AECD01 /* PersonCell.m in Sources */,
				DED9CF021CB63C4A0002D864 /* DetailViewController.m in Sources */,
				DE03FEEE1CAED0DF007675B8 /* ViewController.m in Sources */,
				DED9CF081CB64C290002D864 /* Person.m in Sources */,
				DE03FEEB1CAED0DF007675B8 /* AppDelegate.m in Sources */,
				DE03FEE81CAED0DF007675B8 /* main.m in Sources */,
			);
			runOnlyForDeploymentPostprocessing = 0;
		};
		DE03FEF81CAED0E0007675B8 /* Sources */ = {
			isa = PBXSourcesBuildPhase;
			buildActionMask = 2147483647;
			files = (
				DE03FF011CAED0E0007675B8 /* TableView__Tests.m in Sources */,
			);
			runOnlyForDeploymentPostprocessing = 0;
		};
		DE03FF031CAED0E0007675B8 /* Sources */ = {
			isa = PBXSourcesBuildPhase;
			buildActionMask = 2147483647;
			files = (
				DE03FF0C1CAED0E0007675B8 /* TableView__UITests.m in Sources */,
			);
			runOnlyForDeploymentPostprocessing = 0;
		};
/* End PBXSourcesBuildPhase section */

/* Begin PBXTargetDependency section */
		DE03FEFE1CAED0E0007675B8 /* PBXTargetDependency */ = {
			isa = PBXTargetDependency;
			target = DE03FEE21CAED0DF007675B8 /* TableView优化 */;
			targetProxy = DE03FEFD1CAED0E0007675B8 /* PBXContainerItemProxy */;
		};
		DE03FF091CAED0E0007675B8 /* PBXTargetDependency */ = {
			isa = PBXTargetDependency;
			target = DE03FEE21CAED0DF007675B8 /* TableView优化 */;
			targetProxy = DE03FF081CAED0E0007675B8 /* PBXContainerItemProxy */;
		};
/* End PBXTargetDependency section */

/* Begin PBXVariantGroup section */
		DE03FEEF1CAED0DF007675B8 /* Main.storyboard */ = {
			isa = PBXVariantGroup;
			children = (
				DE03FEF01CAED0DF007675B8 /* Base */,
			);
			name = Main.storyboard;
			sourceTree = "<group>";
		};
		DE03FEF41CAED0DF007675B8 /* LaunchScreen.storyboard */ = {
			isa = PBXVariantGroup;
			children = (
				DE03FEF51CAED0DF007675B8 /* Base */,
			);
			name = LaunchScreen.storyboard;
			sourceTree = "<group>";
		};
/* End PBXVariantGroup section */

/* Begin XCBuildConfiguration section */
		DE03FF0E1CAED0E0007675B8 /* Debug */ = {
			isa = XCBuildConfiguration;
			buildSettings = {
				ALWAYS_SEARCH_USER_PATHS = NO;
				CLANG_CXX_LANGUAGE_STANDARD = "gnu++0x";
				CLANG_CXX_LIBRARY = "libc++";
				CLANG_ENABLE_MODULES = YES;
				CLANG_ENABLE_OBJC_ARC = YES;
				CLANG_WARN_BOOL_CONVERSION = YES;
				CLANG_WARN_CONSTANT_CONVERSION = YES;
				CLANG_WARN_DIRECT_OBJC_ISA_USAGE = YES_ERROR;
				CLANG_WARN_EMPTY_BODY = YES;
				CLANG_WARN_ENUM_CONVERSION = YES;
				CLANG_WARN_INT_CONVERSION = YES;
				CLANG_WARN_OBJC_ROOT_CLASS = YES_ERROR;
				CLANG_WARN_UNREACHABLE_CODE = YES;
				CLANG_WARN__DUPLICATE_METHOD_MATCH = YES;
				"CODE_SIGN_IDENTITY[sdk=iphoneos*]" = "iPhone Developer";
				COPY_PHASE_STRIP = NO;
				DEBUG_INFORMATION_FORMAT = dwarf;
				ENABLE_STRICT_OBJC_MSGSEND = YES;
				ENABLE_TESTABILITY = YES;
				GCC_C_LANGUAGE_STANDARD = gnu99;
				GCC_DYNAMIC_NO_PIC = NO;
				GCC_NO_COMMON_BLOCKS = YES;
				GCC_OPTIMIZATION_LEVEL = 0;
				GCC_PREPROCESSOR_DEFINITIONS = (
					"DEBUG=1",
					"$(inherited)",
				);
				GCC_WARN_64_TO_32_BIT_CONVERSION = YES;
				GCC_WARN_ABOUT_RETURN_TYPE = YES_ERROR;
				GCC_WARN_UNDECLARED_SELECTOR = YES;
				GCC_WARN_UNINITIALIZED_AUTOS = YES_AGGRESSIVE;
				GCC_WARN_UNUSED_FUNCTION = YES;
				GCC_WARN_UNUSED_VARIABLE = YES;
				IPHONEOS_DEPLOYMENT_TARGET = 9.1;
				MTL_ENABLE_DEBUG_INFO = YES;
				ONLY_ACTIVE_ARCH = YES;
				SDKROOT = iphoneos;
				TARGETED_DEVICE_FAMILY = "1,2";
			};
			name = Debug;
		};
		DE03FF0F1CAED0E0007675B8 /* Release */ = {
			isa = XCBuildConfiguration;
			buildSettings = {
				ALWAYS_SEARCH_USER_PATHS = NO;
				CLANG_CXX_LANGUAGE_STANDARD = "gnu++0x";
				CLANG_CXX_LIBRARY = "libc++";
				CLANG_ENABLE_MODULES = YES;
				CLANG_ENABLE_OBJC_ARC = YES;
				CLANG_WARN_BOOL_CONVERSION = YES;
				CLANG_WARN_CONSTANT_CONVERSION = YES;
				CLANG_WARN_DIRECT_OBJC_ISA_USAGE = YES_ERROR;
				CLANG_WARN_EMPTY_BODY = YES;
				CLANG_WARN_ENUM_CONVERSION = YES;
				CLANG_WARN_INT_CONVERSION = YES;
				CLANG_WARN_OBJC_ROOT_CLASS = YES_ERROR;
				CLANG_WARN_UNREACHABLE_CODE = YES;
				CLANG_WARN__DUPLICATE_METHOD_MATCH = YES;
				"CODE_SIGN_IDENTITY[sdk=iphoneos*]" = "iPhone Developer";
				COPY_PHASE_STRIP = NO;
				DEBUG_INFORMATION_FORMAT = "dwarf-with-dsym";
				ENABLE_NS_ASSERTIONS = NO;
				ENABLE_STRICT_OBJC_MSGSEND = YES;
				GCC_C_LANGUAGE_STANDARD = gnu99;
				GCC_NO_COMMON_BLOCKS = YES;
				GCC_WARN_64_TO_32_BIT_CONVERSION = YES;
				GCC_WARN_ABOUT_RETURN_TYPE = YES_ERROR;
				GCC_WARN_UNDECLARED_SELECTOR = YES;
				GCC_WARN_UNINITIALIZED_AUTOS = YES_AGGRESSIVE;
				GCC_WARN_UNUSED_FUNCTION = YES;
				GCC_WARN_UNUSED_VARIABLE = YES;
				IPHONEOS_DEPLOYMENT_TARGET = 9.1;
				MTL_ENABLE_DEBUG_INFO = NO;
				SDKROOT = iphoneos;
				TARGETED_DEVICE_FAMILY = "1,2";
				VALIDATE_PRODUCT = YES;
			};
			name = Release;
		};
		DE03FF111CAED0E0007675B8 /* Debug */ = {
			isa = XCBuildConfiguration;
			buildSettings = {
				ASSETCATALOG_COMPILER_APPICON_NAME = AppIcon;
				INFOPLIST_FILE = "TableView优化/Info.plist";
				LD_RUNPATH_SEARCH_PATHS = "$(inherited) @executable_path/Frameworks";
				PRODUCT_BUNDLE_IDENTIFIER = "com.terry.TableView--";
				PRODUCT_NAME = "$(TARGET_NAME)";
			};
			name = Debug;
		};
		DE03FF121CAED0E0007675B8 /* Release */ = {
			isa = XCBuildConfiguration;
			buildSettings = {
				ASSETCATALOG_COMPILER_APPICON_NAME = AppIcon;
				INFOPLIST_FILE = "TableView优化/Info.plist";
				LD_RUNPATH_SEARCH_PATHS = "$(inherited) @executable_path/Frameworks";
				PRODUCT_BUNDLE_IDENTIFIER = "com.terry.TableView--";
				PRODUCT_NAME = "$(TARGET_NAME)";
			};
			name = Release;
		};
		DE03FF141CAED0E0007675B8 /* Debug */ = {
			isa = XCBuildConfiguration;
			buildSettings = {
				BUNDLE_LOADER = "$(TEST_HOST)";
				INFOPLIST_FILE = "TableView优化Tests/Info.plist";
				LD_RUNPATH_SEARCH_PATHS = "$(inherited) @executable_path/Frameworks @loader_path/Frameworks";
				PRODUCT_BUNDLE_IDENTIFIER = "com.terry.TableView--Tests";
				PRODUCT_NAME = "$(TARGET_NAME)";
				TEST_HOST = "$(BUILT_PRODUCTS_DIR)/TableView优化.app/TableView优化";
			};
			name = Debug;
		};
		DE03FF151CAED0E0007675B8 /* Release */ = {
			isa = XCBuildConfiguration;
			buildSettings = {
				BUNDLE_LOADER = "$(TEST_HOST)";
				INFOPLIST_FILE = "TableView优化Tests/Info.plist";
				LD_RUNPATH_SEARCH_PATHS = "$(inherited) @executable_path/Frameworks @loader_path/Frameworks";
				PRODUCT_BUNDLE_IDENTIFIER = "com.terry.TableView--Tests";
				PRODUCT_NAME = "$(TARGET_NAME)";
				TEST_HOST = "$(BUILT_PRODUCTS_DIR)/TableView优化.app/TableView优化";
			};
			name = Release;
		};
		DE03FF171CAED0E0007675B8 /* Debug */ = {
			isa = XCBuildConfiguration;
			buildSettings = {
				INFOPLIST_FILE = "TableView优化UITests/Info.plist";
				LD_RUNPATH_SEARCH_PATHS = "$(inherited) @executable_path/Frameworks @loader_path/Frameworks";
				PRODUCT_BUNDLE_IDENTIFIER = "com.terry.TableView--UITests";
				PRODUCT_NAME = "$(TARGET_NAME)";
				TEST_TARGET_NAME = "TableView优化";
				USES_XCTRUNNER = YES;
			};
			name = Debug;
		};
		DE03FF181CAED0E0007675B8 /* Release */ = {
			isa = XCBuildConfiguration;
			buildSettings = {
				INFOPLIST_FILE = "TableView优化UITests/Info.plist";
				LD_RUNPATH_SEARCH_PATHS = "$(inherited) @executable_path/Frameworks @loader_path/Frameworks";
				PRODUCT_BUNDLE_IDENTIFIER = "com.terry.TableView--UITests";
				PRODUCT_NAME = "$(TARGET_NAME)";
				TEST_TARGET_NAME = "TableView优化";
				USES_XCTRUNNER = YES;
			};
			name = Release;
		};
/* End XCBuildConfiguration section */

/* Begin XCConfigurationList section */
		DE03FEDE1CAED0DF007675B8 /* Build configuration list for PBXProject "TableView优化" */ = {
			isa = XCConfigurationList;
			buildConfigurations = (
				DE03FF0E1CAED0E0007675B8 /* Debug */,
				DE03FF0F1CAED0E0007675B8 /* Release */,
			);
			defaultConfigurationIsVisible = 0;
			defaultConfigurationName = Release;
		};
		DE03FF101CAED0E0007675B8 /* Build configuration list for PBXNativeTarget "TableView优化" */ = {
			isa = XCConfigurationList;
			buildConfigurations = (
				DE03FF111CAED0E0007675B8 /* Debug */,
				DE03FF121CAED0E0007675B8 /* Release */,
			);
			defaultConfigurationIsVisible = 0;
			defaultConfigurationName = Release;
		};
		DE03FF131CAED0E0007675B8 /* Build configuration list for PBXNativeTarget "TableView优化Tests" */ = {
			isa = XCConfigurationList;
			buildConfigurations = (
				DE03FF141CAED0E0007675B8 /* Debug */,
				DE03FF151CAED0E0007675B8 /* Release */,
			);
			defaultConfigurationIsVisible = 0;
			defaultConfigurationName = Release;
		};
		DE03FF161CAED0E0007675B8 /* Build configuration list for PBXNativeTarget "TableView优化UITests" */ = {
			isa = XCConfigurationList;
			buildConfigurations = (
				DE03FF171CAED0E0007675B8 /* Debug */,
				DE03FF181CAED0E0007675B8 /* Release */,
			);
			defaultConfigurationIsVisible = 0;
			defaultConfigurationName = Release;
		};
/* End XCConfigurationList section */
	};
	rootObject = DE03FEDB1CAED0DF007675B8 /* Project object */;
}
